
Microsoft Visual Studio Solution File, Format Version 12.00
# Visual Studio Version 16
VisualStudioVersion = 16.0.31112.23
MinimumVisualStudioVersion = 10.0.40219.1
Project("{FAE04EC0-301F-11D3-BF4B-00C04F79EFBC}") = "Merge", "Merge\Merge.csproj", "{9594F16F-ED43-49FD-A4A7-B68F9C8B3E17}"
EndProject
Global
	GlobalSection(SolutionConfigurationPlatforms) = preSolution
		Debug|Any CPU = Debug|Any CPU
		Release|Any CPU = Release|Any CPU
	EndGlobalSection
	GlobalSection(ProjectConfigurationPlatforms) = postSolution
		{9594F16F-ED43-49FD-A4A7-B68F9C8B3E17}.Debug|Any CPU.ActiveCfg = Debug|Any CPU
		{9594F16F-ED43-49FD-A4A7-B68F9C8B3E17}.Debug|Any CPU.Build.0 = Debug|Any CPU
		{9594F16F-ED43-49FD-A4A7-B68F9C8B3E17}.Release|Any CPU.ActiveCfg = Release|Any CPU
		{9594F16F-ED43-49FD-A4A7-B68F9C8B3E17}.Release|Any CPU.Build.0 = Release|Any CPU
	EndGlobalSection
	GlobalSection(SolutionProperties) = preSolution
		HideSolutionNode = FALSE
	EndGlobalSection
	GlobalSection(ExtensibilityGlobals) = postSolution
		SolutionGuid = {B5C941BC-3D88-431C-B223-2FF60000FE63}
	EndGlobalSection
EndGlobal
